
Microsoft Visual Studio Solution File, Format Version 12.00
# Visual Studio Version 17
VisualStudioVersion = 17.7.34202.233
MinimumVisualStudioVersion = 10.0.40219.1
Project("{FAE04EC0-301F-11D3-BF4B-00C04F79EFBC}") = "CS 521 Proj", "CS 521 Proj.csproj", "{6FA6F9F4-968F-4E33-B65E-A451A7AB5E98}"
EndProject
Global
	GlobalSection(SolutionConfigurationPlatforms) = preSolution
		Debug|Any CPU = Debug|Any CPU
		Release|Any CPU = Release|Any CPU
	EndGlobalSection
	GlobalSection(ProjectConfigurationPlatforms) = postSolution
		{6FA6F9F4-968F-4E33-B65E-A451A7AB5E98}.Debug|Any CPU.ActiveCfg = Debug|Any CPU
		{6FA6F9F4-968F-4E33-B65E-A451A7AB5E98}.Debug|Any CPU.Build.0 = Debug|Any CPU
		{6FA6F9F4-968F-4E33-B65E-A451A7AB5E98}.Release|Any CPU.ActiveCfg = Release|Any CPU
		{6FA6F9F4-968F-4E33-B65E-A451A7AB5E98}.Release|Any CPU.Build.0 = Release|Any CPU
	EndGlobalSection
	GlobalSection(SolutionProperties) = preSolution
		HideSolutionNode = FALSE
	EndGlobalSection
	GlobalSection(ExtensibilityGlobals) = postSolution
		SolutionGuid = {1C531B15-3820-4BC1-A58E-663BA4C0C2F5}
	EndGlobalSection
EndGlobal
